
Microsoft Visual Studio Solution File, Format Version 12.00
# Visual Studio Version 17
VisualStudioVersion = 17.8.34525.116
MinimumVisualStudioVersion = 10.0.40219.1
Project("{FAE04EC0-301F-11D3-BF4B-00C04F79EFBC}") = "Loujico", "Loujico\Loujico.csproj", "{B374A1A7-45D9-4C4F-94AE-394FF2D41FB2}"
EndProject
Global
	GlobalSection(SolutionConfigurationPlatforms) = preSolution
		Debug|Any CPU = Debug|Any CPU
		Release|Any CPU = Release|Any CPU
	EndGlobalSection
	GlobalSection(ProjectConfigurationPlatforms) = postSolution
		{B374A1A7-45D9-4C4F-94AE-394FF2D41FB2}.Debug|Any CPU.ActiveCfg = Debug|Any CPU
		{B374A1A7-45D9-4C4F-94AE-394FF2D41FB2}.Debug|Any CPU.Build.0 = Debug|Any CPU
		{B374A1A7-45D9-4C4F-94AE-394FF2D41FB2}.Release|Any CPU.ActiveCfg = Release|Any CPU
		{B374A1A7-45D9-4C4F-94AE-394FF2D41FB2}.Release|Any CPU.Build.0 = Release|Any CPU
	EndGlobalSection
	GlobalSection(SolutionProperties) = preSolution
		HideSolutionNode = FALSE
	EndGlobalSection
	GlobalSection(ExtensibilityGlobals) = postSolution
		SolutionGuid = {39F39D11-9E00-4E82-8819-5B79868C7C23}
	EndGlobalSection
EndGlobal
